{
  "name": "huang-xiaosheng.github.io",
  "lockfileVersion": 2,
  "requires": true,
  "packages": {
    "": {
      "dependencies": {
        "awesome-palindrome": "^2.0.0"
      }
    },
    "node_modules/awesome-palindrome": {
      "version": "2.0.0",
      "resolved": "https://registry.npmjs.org/awesome-palindrome/-/awesome-palindrome-2.0.0.tgz",
      "integrity": "sha512-V95ySdJGHFjb2r+G/UiK+jTm+/B7Sh2fECHX8W9h5DDUax5G2z59esm+ZEadv+zPEZi2skWaRH8sDU9VTqMzSQ=="
    }
  },
  "dependencies": {
    "awesome-palindrome": {
      "version": "2.0.0",
      "resolved": "https://registry.npmjs.org/awesome-palindrome/-/awesome-palindrome-2.0.0.tgz",
      "integrity": "sha512-V95ySdJGHFjb2r+G/UiK+jTm+/B7Sh2fECHX8W9h5DDUax5G2z59esm+ZEadv+zPEZi2skWaRH8sDU9VTqMzSQ=="
    }
  }
}
